{
  "name": "plank",
  "version": "1.3.1",
  "lockfileVersion": 1,
  "requires": true,
  "dependencies": {
    "@types/node": {
      "version": "8.9.4",
      "resolved": "https://registry.npmjs.org/@types/node/-/node-8.9.4.tgz",
      "integrity": "sha512-dSvD36qnQs78G1BPsrZFdPpvLgMW/dnvr5+nTW2csMs5TiP9MOXrjUbnMZOEwnIuBklXtn7b6TPA2Cuq07bDHA==",
      "dev": true
    },
    "angular": {
      "version": "1.6.9",
      "resolved": "https://registry.npmjs.org/angular/-/angular-1.6.9.tgz",
      "integrity": "sha512-6igWH2GIsxV+J38wNWCh8oyjaZsrIPIDO35twloIUyjlF2Yit6UyLAWujHP05ma/LFxTsx4NtYibRoMNBXPR1A=="
    },
    "angular-animate": {
      "version": "1.6.9",
      "resolved": "https://registry.npmjs.org/angular-animate/-/angular-animate-1.6.9.tgz",
      "integrity": "sha512-3/fqrmT6mJgB2O6oDvXDlNP6AJVqUXLWZq/P87Xo7Wt0JjcSmhJSQ02Yp7gm0Pkd5SXMKHICLpn/iEJPyse9fg=="
    },
    "angular-aria": {
      "version": "1.6.9",
      "resolved": "https://registry.npmjs.org/angular-aria/-/angular-aria-1.6.9.tgz",
      "integrity": "sha512-I2SR17Ux0o0R9KD3DRzjR5NNX3pUSKvtWYLFCLg22qvR5+736olCQSyptNIvKsvjALwfXBw1Irdlq0jyohDn+Q=="
    },
    "angular-material": {
      "version": "1.1.7",
      "resolved": "https://registry.npmjs.org/angular-material/-/angular-material-1.1.7.tgz",
      "integrity": "sha512-nIEkTk2BfEmqOLXtBFrc39aAwDsM3oNXOQBUqtTA8cxD0OjTKAnkfJaVPWmqFa/h3pt1JhvP+R2Ispg9/skl4A=="
    },
    "balanced-match": {
      "version": "1.0.0",
      "resolved": "https://registry.npmjs.org/balanced-match/-/balanced-match-1.0.0.tgz",
      "integrity": "sha1-ibTRmasr7kneFk6gK4nORi1xt2c=",
      "dev": true
    },
    "brace-expansion": {
      "version": "1.1.8",
      "resolved": "https://registry.npmjs.org/brace-expansion/-/brace-expansion-1.1.8.tgz",
      "integrity": "sha1-wHshHHyVLsH479Uad+8NHTmQopI=",
      "dev": true,
      "requires": {
        "balanced-match": "1.0.0",
        "concat-map": "0.0.1"
      }
    },
    "concat-map": {
      "version": "0.0.1",
      "resolved": "https://registry.npmjs.org/concat-map/-/concat-map-0.0.1.tgz",
      "integrity": "sha1-2Klr13/Wjfd5OnMDajug1UBdR3s=",
      "dev": true
    },
    "ensure-posix-path": {
      "version": "1.0.2",
      "resolved": "https://registry.npmjs.org/ensure-posix-path/-/ensure-posix-path-1.0.2.tgz",
      "integrity": "sha1-pls+QtC3HPxYXrd0+ZQ8jZuRsMI=",
      "dev": true
    },
    "matcher-collection": {
      "version": "1.0.5",
      "resolved": "https://registry.npmjs.org/matcher-collection/-/matcher-collection-1.0.5.tgz",
      "integrity": "sha512-nUCmzKipcJEwYsBVAFh5P+d7JBuhJaW1xs85Hara9xuMLqtCVUrW6DSC0JVIkluxEH2W45nPBM/wjHtBXa/tYA==",
      "dev": true,
      "requires": {
        "minimatch": "3.0.4"
      }
    },
    "minimatch": {
      "version": "3.0.4",
      "resolved": "https://registry.npmjs.org/minimatch/-/minimatch-3.0.4.tgz",
      "integrity": "sha512-yJHVQEhyqPLUTgt9B83PXu6W3rx4MvvHvSUvToogpwoGDOUQ+yDrR0HRot+yOCdCO7u4hX3pWft6kWBBcqh0UA==",
      "dev": true,
      "requires": {
        "brace-expansion": "1.1.8"
      }
    },
    "reflect-metadata": {
      "version": "0.1.12",
      "resolved": "https://registry.npmjs.org/reflect-metadata/-/reflect-metadata-0.1.12.tgz",
      "integrity": "sha512-n+IyV+nGz3+0q3/Yf1ra12KpCyi001bi4XFxSjbiWWjfqb52iTTtpGXmCCAOWWIAn9KEuFZKGqBERHmrtScZ3A==",
      "dev": true
    },
    "typescript": {
      "version": "2.7.1",
      "resolved": "https://registry.npmjs.org/typescript/-/typescript-2.7.1.tgz",
      "integrity": "sha512-bqB1yS6o9TNA9ZC/MJxM0FZzPnZdtHj0xWK/IZ5khzVqdpGul/R/EIiHRgFXlwTD7PSIaYVnGKq1QgMCu2mnqw==",
      "dev": true
    },
    "walk-sync": {
      "version": "0.3.2",
      "resolved": "https://registry.npmjs.org/walk-sync/-/walk-sync-0.3.2.tgz",
      "integrity": "sha512-FMB5VqpLqOCcqrzA9okZFc0wq0Qbmdm396qJxvQZhDpyu0W95G9JCmp74tx7iyYnyOcBtUuKJsgIKAqjozvmmQ==",
      "dev": true,
      "requires": {
        "ensure-posix-path": "1.0.2",
        "matcher-collection": "1.0.5"
      }
    }
  }
}
