{
  "name": "plank",
  "version": "1.3.1",
  "lockfileVersion": 1,
  "requires": true,
  "dependencies": {
    "@types/angular": {
      "version": "1.6.50",
      "resolved": "https://registry.npmjs.org/@types/angular/-/angular-1.6.50.tgz",
      "integrity": "sha512-D3KB0PdaxdwtA44yOpK+NtptTscKWgUzXmf8fiLaaVxnX+b7QQ+dUMsyeVDweCQ6VX4PMwkd6x2hJ0X+ISIsoQ=="
    },
    "@types/angular-material": {
      "version": "1.1.59",
      "resolved": "https://registry.npmjs.org/@types/angular-material/-/angular-material-1.1.59.tgz",
      "integrity": "sha512-hho43yCCqvQT9+OnLJ+2NXcPiuNgO3QtNp0aLB+WbySaw1+W4uTVAMp/u3EdexaNnFB/LHRX/lym35ayC9DqVw==",
      "requires": {
        "@types/angular": "1.6.50"
      }
    },
    "@types/node": {
      "version": "8.10.26",
      "resolved": "https://registry.npmjs.org/@types/node/-/node-8.10.26.tgz",
      "integrity": "sha512-opk6bLLErLSwyVVJeSH5Ek7ZWOBSsN0JrvXTNVGLXLAXKB9xlTYajrplR44xVyMrmbut94H6uJ9jqzM/12jxkA==",
      "dev": true
    },
    "angular": {
      "version": "1.7.3",
      "resolved": "https://registry.npmjs.org/angular/-/angular-1.7.3.tgz",
      "integrity": "sha512-hQRhU56shs72y88cS0Uy9g+UAMHoztJ3V+r+iF8o1AK/Bpu8ewmjFDk9j2LjSuN05a9mhxW1rOHnYKOwyTS/Zg=="
    },
    "angular-animate": {
      "version": "1.7.3",
      "resolved": "https://registry.npmjs.org/angular-animate/-/angular-animate-1.7.3.tgz",
      "integrity": "sha512-RIYQhql+jUU13jwTrXemSMYTfbGuLBr7jh67R3UbR2yCQ8IOxcXHn2tx+hm8PwXX8agsFAQjWSPP5wam5ecuSg=="
    },
    "angular-aria": {
      "version": "1.7.3",
      "resolved": "https://registry.npmjs.org/angular-aria/-/angular-aria-1.7.3.tgz",
      "integrity": "sha512-5D8+W5BlbqPGqu1ybLSRp+HnbZJ1DnuLO8heIxUH14n5JwXrHMpB6jZJ2LlGn4pkVkG7WA/xhvM9NPHUf4cIYg=="
    },
    "angular-material": {
      "version": "1.1.10",
      "resolved": "https://registry.npmjs.org/angular-material/-/angular-material-1.1.10.tgz",
      "integrity": "sha512-LfBt5a1AVPbtsFzbmAyyZj90Gtc1U94OGtfMEauGzwsfqTnbH/y/9dtndH84N9S65wXkBoBe3VG6kfyoQSeCVw=="
    },
    "balanced-match": {
      "version": "1.0.0",
      "resolved": "https://registry.npmjs.org/balanced-match/-/balanced-match-1.0.0.tgz",
      "integrity": "sha1-ibTRmasr7kneFk6gK4nORi1xt2c=",
      "dev": true
    },
    "brace-expansion": {
      "version": "1.1.11",
      "resolved": "https://registry.npmjs.org/brace-expansion/-/brace-expansion-1.1.11.tgz",
      "integrity": "sha512-iCuPHDFgrHX7H2vEI/5xpz07zSHB00TpugqhmYtVmMO6518mCuRMoOYFldEBl0g187ufozdaHgWKcYFb61qGiA==",
      "dev": true,
      "requires": {
        "balanced-match": "1.0.0",
        "concat-map": "0.0.1"
      }
    },
    "concat-map": {
      "version": "0.0.1",
      "resolved": "https://registry.npmjs.org/concat-map/-/concat-map-0.0.1.tgz",
      "integrity": "sha1-2Klr13/Wjfd5OnMDajug1UBdR3s=",
      "dev": true
    },
    "ensure-posix-path": {
      "version": "1.0.2",
      "resolved": "https://registry.npmjs.org/ensure-posix-path/-/ensure-posix-path-1.0.2.tgz",
      "integrity": "sha1-pls+QtC3HPxYXrd0+ZQ8jZuRsMI=",
      "dev": true
    },
    "matcher-collection": {
      "version": "1.0.5",
      "resolved": "https://registry.npmjs.org/matcher-collection/-/matcher-collection-1.0.5.tgz",
      "integrity": "sha512-nUCmzKipcJEwYsBVAFh5P+d7JBuhJaW1xs85Hara9xuMLqtCVUrW6DSC0JVIkluxEH2W45nPBM/wjHtBXa/tYA==",
      "dev": true,
      "requires": {
        "minimatch": "3.0.4"
      }
    },
    "minimatch": {
      "version": "3.0.4",
      "resolved": "https://registry.npmjs.org/minimatch/-/minimatch-3.0.4.tgz",
      "integrity": "sha512-yJHVQEhyqPLUTgt9B83PXu6W3rx4MvvHvSUvToogpwoGDOUQ+yDrR0HRot+yOCdCO7u4hX3pWft6kWBBcqh0UA==",
      "dev": true,
      "requires": {
        "brace-expansion": "1.1.11"
      }
    },
    "reflect-metadata": {
      "version": "0.1.12",
      "resolved": "https://registry.npmjs.org/reflect-metadata/-/reflect-metadata-0.1.12.tgz",
      "integrity": "sha512-n+IyV+nGz3+0q3/Yf1ra12KpCyi001bi4XFxSjbiWWjfqb52iTTtpGXmCCAOWWIAn9KEuFZKGqBERHmrtScZ3A==",
      "dev": true
    },
    "typescript": {
      "version": "2.9.2",
      "resolved": "https://registry.npmjs.org/typescript/-/typescript-2.9.2.tgz",
      "integrity": "sha512-Gr4p6nFNaoufRIY4NMdpQRNmgxVIGMs4Fcu/ujdYk3nAZqk7supzBE9idmvfZIlH/Cuj//dvi+019qEue9lV0w==",
      "dev": true
    },
    "walk-sync": {
      "version": "0.3.3",
      "resolved": "https://registry.npmjs.org/walk-sync/-/walk-sync-0.3.3.tgz",
      "integrity": "sha512-jQgTHmCazUngGqvHZFlr30u2VLKEKErBMLFe+fBl5mn4rh9aI/QVRog8PT1hv2vaOu4EBwigfmpRTyZrbnpRVA==",
      "dev": true,
      "requires": {
        "ensure-posix-path": "1.0.2",
        "matcher-collection": "1.0.5"
      }
    }
  }
}
